
Microsoft Visual Studio Solution File, Format Version 11.00
# Visual Studio 2010
Project("{FAE04EC0-301F-11D3-BF4B-00C04F79EFBC}") = "Assembly-CSharp", "Assembly-CSharp.csproj", "{402b400e-77e1-fbbd-d33e-6f8b551a11f9}"
EndProject
Project("{FAE04EC0-301F-11D3-BF4B-00C04F79EFBC}") = "Assembly-CSharp-firstpass", "Assembly-CSharp-firstpass.csproj", "{fd9d164c-88d7-d37f-063b-fd3b3212d7df}"
EndProject
Project("{FAE04EC0-301F-11D3-BF4B-00C04F79EFBC}") = "Assembly-CSharp-Editor-firstpass", "Assembly-CSharp-Editor-firstpass.csproj", "{ccdf8ccc-e0a8-1313-d7f7-1268bb25d80f}"
EndProject
Global
	GlobalSection(SolutionConfigurationPlatforms) = preSolution
		Debug|Any CPU = Debug|Any CPU
	EndGlobalSection
	GlobalSection(ProjectConfigurationPlatforms) = postSolution
		{402b400e-77e1-fbbd-d33e-6f8b551a11f9}.Debug|Any CPU.ActiveCfg = Debug|Any CPU
		{402b400e-77e1-fbbd-d33e-6f8b551a11f9}.Debug|Any CPU.Build.0 = Debug|Any CPU
		{fd9d164c-88d7-d37f-063b-fd3b3212d7df}.Debug|Any CPU.ActiveCfg = Debug|Any CPU
		{fd9d164c-88d7-d37f-063b-fd3b3212d7df}.Debug|Any CPU.Build.0 = Debug|Any CPU
		{ccdf8ccc-e0a8-1313-d7f7-1268bb25d80f}.Debug|Any CPU.ActiveCfg = Debug|Any CPU
		{ccdf8ccc-e0a8-1313-d7f7-1268bb25d80f}.Debug|Any CPU.Build.0 = Debug|Any CPU
	EndGlobalSection
	GlobalSection(SolutionProperties) = preSolution
		HideSolutionNode = FALSE
	EndGlobalSection
EndGlobal
